
Microsoft Visual Studio Solution File, Format Version 12.00
# Visual Studio Version 17
VisualStudioVersion = 17.13.35919.96 d17.13
MinimumVisualStudioVersion = 10.0.40219.1
Project("{FAE04EC0-301F-11D3-BF4B-00C04F79EFBC}") = "MongoNetCoreGraphQL", "MongoNetCoreGraphQL.csproj", "{C01558DA-442B-ED5B-B838-8F5B27144ABB}"
EndProject
Global
	GlobalSection(SolutionConfigurationPlatforms) = preSolution
		Debug|Any CPU = Debug|Any CPU
		Release|Any CPU = Release|Any CPU
	EndGlobalSection
	GlobalSection(ProjectConfigurationPlatforms) = postSolution
		{C01558DA-442B-ED5B-B838-8F5B27144ABB}.Debug|Any CPU.ActiveCfg = Debug|Any CPU
		{C01558DA-442B-ED5B-B838-8F5B27144ABB}.Debug|Any CPU.Build.0 = Debug|Any CPU
		{C01558DA-442B-ED5B-B838-8F5B27144ABB}.Release|Any CPU.ActiveCfg = Release|Any CPU
		{C01558DA-442B-ED5B-B838-8F5B27144ABB}.Release|Any CPU.Build.0 = Release|Any CPU
	EndGlobalSection
	GlobalSection(SolutionProperties) = preSolution
		HideSolutionNode = FALSE
	EndGlobalSection
	GlobalSection(ExtensibilityGlobals) = postSolution
		SolutionGuid = {91E1DD3E-D40E-42B2-81D5-877592E9018E}
	EndGlobalSection
EndGlobal
